
Microsoft Visual Studio Solution File, Format Version 12.00
# Visual Studio 2013
VisualStudioVersion = 12.0.40629.0
MinimumVisualStudioVersion = 10.0.40219.1
Project("{8BC9CEB8-8B4A-11D0-8D11-00A0C91BC942}") = "CPP_HMM", "CPP_HMM\CPP_HMM.vcxproj", "{EAA134B6-A7A0-4353-A97B-8BCEE8BF58D1}"
EndProject
Project("{8BC9CEB8-8B4A-11D0-8D11-00A0C91BC942}") = "CPP_HMM_CUDA", "CPP_HMM_CUDA\CPP_HMM_CUDA.vcxproj", "{B88585B4-0261-4DA4-991F-826E6AE6E718}"
EndProject
Global
	GlobalSection(SolutionConfigurationPlatforms) = preSolution
		Dbg_genseq|ARM = Dbg_genseq|ARM
		Dbg_genseq|Win32 = Dbg_genseq|Win32
		Dbg_genseq|x64 = Dbg_genseq|x64
		Dbg_testviterbi|ARM = Dbg_testviterbi|ARM
		Dbg_testviterbi|Win32 = Dbg_testviterbi|Win32
		Dbg_testviterbi|x64 = Dbg_testviterbi|x64
		Dbg_trainhmm|ARM = Dbg_trainhmm|ARM
		Dbg_trainhmm|Win32 = Dbg_trainhmm|Win32
		Dbg_trainhmm|x64 = Dbg_trainhmm|x64
		Debug|ARM = Debug|ARM
		Debug|Win32 = Debug|Win32
		Debug|x64 = Debug|x64
		Rel_genseq|ARM = Rel_genseq|ARM
		Rel_genseq|Win32 = Rel_genseq|Win32
		Rel_genseq|x64 = Rel_genseq|x64
		Rel_testviterbi|ARM = Rel_testviterbi|ARM
		Rel_testviterbi|Win32 = Rel_testviterbi|Win32
		Rel_testviterbi|x64 = Rel_testviterbi|x64
		Rel_trainhmm|ARM = Rel_trainhmm|ARM
		Rel_trainhmm|Win32 = Rel_trainhmm|Win32
		Rel_trainhmm|x64 = Rel_trainhmm|x64
		Release|ARM = Release|ARM
		Release|Win32 = Release|Win32
		Release|x64 = Release|x64
	EndGlobalSection
	GlobalSection(ProjectConfigurationPlatforms) = postSolution
		{EAA134B6-A7A0-4353-A97B-8BCEE8BF58D1}.Dbg_genseq|ARM.ActiveCfg = Dbg_genseq|Win32
		{EAA134B6-A7A0-4353-A97B-8BCEE8BF58D1}.Dbg_genseq|Win32.ActiveCfg = Dbg_genseq|Win32
		{EAA134B6-A7A0-4353-A97B-8BCEE8BF58D1}.Dbg_genseq|Win32.Build.0 = Dbg_genseq|Win32
		{EAA134B6-A7A0-4353-A97B-8BCEE8BF58D1}.Dbg_genseq|x64.ActiveCfg = Dbg_genseq|Win32
		{EAA134B6-A7A0-4353-A97B-8BCEE8BF58D1}.Dbg_testviterbi|ARM.ActiveCfg = Dbg_genseq|Win32
		{EAA134B6-A7A0-4353-A97B-8BCEE8BF58D1}.Dbg_testviterbi|Win32.ActiveCfg = Debug_testviterbi|Win32
		{EAA134B6-A7A0-4353-A97B-8BCEE8BF58D1}.Dbg_testviterbi|Win32.Build.0 = Debug_testviterbi|Win32
		{EAA134B6-A7A0-4353-A97B-8BCEE8BF58D1}.Dbg_testviterbi|x64.ActiveCfg = Dbg_genseq|Win32
		{EAA134B6-A7A0-4353-A97B-8BCEE8BF58D1}.Dbg_trainhmm|ARM.ActiveCfg = Dbg_genseq|Win32
		{EAA134B6-A7A0-4353-A97B-8BCEE8BF58D1}.Dbg_trainhmm|Win32.ActiveCfg = Debug_trainhmm|Win32
		{EAA134B6-A7A0-4353-A97B-8BCEE8BF58D1}.Dbg_trainhmm|Win32.Build.0 = Debug_trainhmm|Win32
		{EAA134B6-A7A0-4353-A97B-8BCEE8BF58D1}.Dbg_trainhmm|x64.ActiveCfg = Dbg_genseq|Win32
		{EAA134B6-A7A0-4353-A97B-8BCEE8BF58D1}.Debug|ARM.ActiveCfg = Debug|Win32
		{EAA134B6-A7A0-4353-A97B-8BCEE8BF58D1}.Debug|Win32.ActiveCfg = Debug|Win32
		{EAA134B6-A7A0-4353-A97B-8BCEE8BF58D1}.Debug|Win32.Build.0 = Debug|Win32
		{EAA134B6-A7A0-4353-A97B-8BCEE8BF58D1}.Debug|x64.ActiveCfg = Debug|Win32
		{EAA134B6-A7A0-4353-A97B-8BCEE8BF58D1}.Rel_genseq|ARM.ActiveCfg = Rel_genseq|Win32
		{EAA134B6-A7A0-4353-A97B-8BCEE8BF58D1}.Rel_genseq|Win32.ActiveCfg = Rel_genseq|Win32
		{EAA134B6-A7A0-4353-A97B-8BCEE8BF58D1}.Rel_genseq|Win32.Build.0 = Rel_genseq|Win32
		{EAA134B6-A7A0-4353-A97B-8BCEE8BF58D1}.Rel_genseq|x64.ActiveCfg = Rel_genseq|Win32
		{EAA134B6-A7A0-4353-A97B-8BCEE8BF58D1}.Rel_testviterbi|ARM.ActiveCfg = Rel_testviterbi|Win32
		{EAA134B6-A7A0-4353-A97B-8BCEE8BF58D1}.Rel_testviterbi|Win32.ActiveCfg = Rel_testviterbi|Win32
		{EAA134B6-A7A0-4353-A97B-8BCEE8BF58D1}.Rel_testviterbi|Win32.Build.0 = Rel_testviterbi|Win32
		{EAA134B6-A7A0-4353-A97B-8BCEE8BF58D1}.Rel_testviterbi|x64.ActiveCfg = Rel_testviterbi|Win32
		{EAA134B6-A7A0-4353-A97B-8BCEE8BF58D1}.Rel_trainhmm|ARM.ActiveCfg = Rel_trainhmm|Win32
		{EAA134B6-A7A0-4353-A97B-8BCEE8BF58D1}.Rel_trainhmm|Win32.ActiveCfg = Rel_trainhmm|Win32
		{EAA134B6-A7A0-4353-A97B-8BCEE8BF58D1}.Rel_trainhmm|Win32.Build.0 = Rel_trainhmm|Win32
		{EAA134B6-A7A0-4353-A97B-8BCEE8BF58D1}.Rel_trainhmm|x64.ActiveCfg = Rel_trainhmm|Win32
		{EAA134B6-A7A0-4353-A97B-8BCEE8BF58D1}.Release|ARM.ActiveCfg = Release|Win32
		{EAA134B6-A7A0-4353-A97B-8BCEE8BF58D1}.Release|Win32.ActiveCfg = Release|Win32
		{EAA134B6-A7A0-4353-A97B-8BCEE8BF58D1}.Release|Win32.Build.0 = Release|Win32
		{EAA134B6-A7A0-4353-A97B-8BCEE8BF58D1}.Release|x64.ActiveCfg = Release|Win32
		{B88585B4-0261-4DA4-991F-826E6AE6E718}.Dbg_genseq|ARM.ActiveCfg = Debug|Win32
		{B88585B4-0261-4DA4-991F-826E6AE6E718}.Dbg_genseq|Win32.ActiveCfg = Debug|Win32
		{B88585B4-0261-4DA4-991F-826E6AE6E718}.Dbg_genseq|Win32.Build.0 = Debug|Win32
		{B88585B4-0261-4DA4-991F-826E6AE6E718}.Dbg_genseq|x64.ActiveCfg = Debug|x64
		{B88585B4-0261-4DA4-991F-826E6AE6E718}.Dbg_genseq|x64.Build.0 = Debug|x64
		{B88585B4-0261-4DA4-991F-826E6AE6E718}.Dbg_testviterbi|ARM.ActiveCfg = Debug|Win32
		{B88585B4-0261-4DA4-991F-826E6AE6E718}.Dbg_testviterbi|Win32.ActiveCfg = Debug|Win32
		{B88585B4-0261-4DA4-991F-826E6AE6E718}.Dbg_testviterbi|Win32.Build.0 = Debug|Win32
		{B88585B4-0261-4DA4-991F-826E6AE6E718}.Dbg_testviterbi|x64.ActiveCfg = Debug|x64
		{B88585B4-0261-4DA4-991F-826E6AE6E718}.Dbg_testviterbi|x64.Build.0 = Debug|x64
		{B88585B4-0261-4DA4-991F-826E6AE6E718}.Dbg_trainhmm|ARM.ActiveCfg = Debug|Win32
		{B88585B4-0261-4DA4-991F-826E6AE6E718}.Dbg_trainhmm|Win32.ActiveCfg = Debug|Win32
		{B88585B4-0261-4DA4-991F-826E6AE6E718}.Dbg_trainhmm|Win32.Build.0 = Debug|Win32
		{B88585B4-0261-4DA4-991F-826E6AE6E718}.Dbg_trainhmm|x64.ActiveCfg = Debug|x64
		{B88585B4-0261-4DA4-991F-826E6AE6E718}.Dbg_trainhmm|x64.Build.0 = Debug|x64
		{B88585B4-0261-4DA4-991F-826E6AE6E718}.Debug|ARM.ActiveCfg = Debug|Win32
		{B88585B4-0261-4DA4-991F-826E6AE6E718}.Debug|Win32.ActiveCfg = Debug|Win32
		{B88585B4-0261-4DA4-991F-826E6AE6E718}.Debug|Win32.Build.0 = Debug|Win32
		{B88585B4-0261-4DA4-991F-826E6AE6E718}.Debug|x64.ActiveCfg = Debug|x64
		{B88585B4-0261-4DA4-991F-826E6AE6E718}.Debug|x64.Build.0 = Debug|x64
		{B88585B4-0261-4DA4-991F-826E6AE6E718}.Rel_genseq|ARM.ActiveCfg = Release|Win32
		{B88585B4-0261-4DA4-991F-826E6AE6E718}.Rel_genseq|Win32.ActiveCfg = Release|Win32
		{B88585B4-0261-4DA4-991F-826E6AE6E718}.Rel_genseq|Win32.Build.0 = Release|Win32
		{B88585B4-0261-4DA4-991F-826E6AE6E718}.Rel_genseq|x64.ActiveCfg = Release|x64
		{B88585B4-0261-4DA4-991F-826E6AE6E718}.Rel_genseq|x64.Build.0 = Release|x64
		{B88585B4-0261-4DA4-991F-826E6AE6E718}.Rel_testviterbi|ARM.ActiveCfg = Release|Win32
		{B88585B4-0261-4DA4-991F-826E6AE6E718}.Rel_testviterbi|Win32.ActiveCfg = Release|Win32
		{B88585B4-0261-4DA4-991F-826E6AE6E718}.Rel_testviterbi|Win32.Build.0 = Release|Win32
		{B88585B4-0261-4DA4-991F-826E6AE6E718}.Rel_testviterbi|x64.ActiveCfg = Release|x64
		{B88585B4-0261-4DA4-991F-826E6AE6E718}.Rel_testviterbi|x64.Build.0 = Release|x64
		{B88585B4-0261-4DA4-991F-826E6AE6E718}.Rel_trainhmm|ARM.ActiveCfg = Release|Win32
		{B88585B4-0261-4DA4-991F-826E6AE6E718}.Rel_trainhmm|Win32.ActiveCfg = Release|Win32
		{B88585B4-0261-4DA4-991F-826E6AE6E718}.Rel_trainhmm|Win32.Build.0 = Release|Win32
		{B88585B4-0261-4DA4-991F-826E6AE6E718}.Rel_trainhmm|x64.ActiveCfg = Release|x64
		{B88585B4-0261-4DA4-991F-826E6AE6E718}.Rel_trainhmm|x64.Build.0 = Release|x64
		{B88585B4-0261-4DA4-991F-826E6AE6E718}.Release|ARM.ActiveCfg = Release|Win32
		{B88585B4-0261-4DA4-991F-826E6AE6E718}.Release|Win32.ActiveCfg = Release|Win32
		{B88585B4-0261-4DA4-991F-826E6AE6E718}.Release|Win32.Build.0 = Release|Win32
		{B88585B4-0261-4DA4-991F-826E6AE6E718}.Release|x64.ActiveCfg = Release|x64
		{B88585B4-0261-4DA4-991F-826E6AE6E718}.Release|x64.Build.0 = Release|x64
	EndGlobalSection
	GlobalSection(SolutionProperties) = preSolution
		HideSolutionNode = FALSE
	EndGlobalSection
EndGlobal
