
Microsoft Visual Studio Solution File, Format Version 12.00
# Visual Studio 2013
VisualStudioVersion = 12.0.21005.1
MinimumVisualStudioVersion = 10.0.40219.1
Project("{8BC9CEB8-8B4A-11D0-8D11-00A0C91BC942}") = "CPP_HMM", "CPP_HMM\CPP_HMM.vcxproj", "{EAA134B6-A7A0-4353-A97B-8BCEE8BF58D1}"
EndProject
Global
	GlobalSection(SolutionConfigurationPlatforms) = preSolution
		Dbg_genseq|Win32 = Dbg_genseq|Win32
		Dbg_testviterbi|Win32 = Dbg_testviterbi|Win32
		Dbg_trainhmm|Win32 = Dbg_trainhmm|Win32
		Debug|Win32 = Debug|Win32
		Rel_genseq|Win32 = Rel_genseq|Win32
		Rel_testviterbi|Win32 = Rel_testviterbi|Win32
		Rel_trainhmm|Win32 = Rel_trainhmm|Win32
		Release|Win32 = Release|Win32
	EndGlobalSection
	GlobalSection(ProjectConfigurationPlatforms) = postSolution
		{EAA134B6-A7A0-4353-A97B-8BCEE8BF58D1}.Dbg_genseq|Win32.ActiveCfg = Dbg_genseq|Win32
		{EAA134B6-A7A0-4353-A97B-8BCEE8BF58D1}.Dbg_genseq|Win32.Build.0 = Dbg_genseq|Win32
		{EAA134B6-A7A0-4353-A97B-8BCEE8BF58D1}.Dbg_testviterbi|Win32.ActiveCfg = Debug_testviterbi|Win32
		{EAA134B6-A7A0-4353-A97B-8BCEE8BF58D1}.Dbg_testviterbi|Win32.Build.0 = Debug_testviterbi|Win32
		{EAA134B6-A7A0-4353-A97B-8BCEE8BF58D1}.Dbg_trainhmm|Win32.ActiveCfg = Debug_trainhmm|Win32
		{EAA134B6-A7A0-4353-A97B-8BCEE8BF58D1}.Dbg_trainhmm|Win32.Build.0 = Debug_trainhmm|Win32
		{EAA134B6-A7A0-4353-A97B-8BCEE8BF58D1}.Debug|Win32.ActiveCfg = Debug|Win32
		{EAA134B6-A7A0-4353-A97B-8BCEE8BF58D1}.Debug|Win32.Build.0 = Debug|Win32
		{EAA134B6-A7A0-4353-A97B-8BCEE8BF58D1}.Rel_genseq|Win32.ActiveCfg = Rel_genseq|Win32
		{EAA134B6-A7A0-4353-A97B-8BCEE8BF58D1}.Rel_genseq|Win32.Build.0 = Rel_genseq|Win32
		{EAA134B6-A7A0-4353-A97B-8BCEE8BF58D1}.Rel_testviterbi|Win32.ActiveCfg = Rel_testviterbi|Win32
		{EAA134B6-A7A0-4353-A97B-8BCEE8BF58D1}.Rel_testviterbi|Win32.Build.0 = Rel_testviterbi|Win32
		{EAA134B6-A7A0-4353-A97B-8BCEE8BF58D1}.Rel_trainhmm|Win32.ActiveCfg = Rel_trainhmm|Win32
		{EAA134B6-A7A0-4353-A97B-8BCEE8BF58D1}.Rel_trainhmm|Win32.Build.0 = Rel_trainhmm|Win32
		{EAA134B6-A7A0-4353-A97B-8BCEE8BF58D1}.Release|Win32.ActiveCfg = Release|Win32
		{EAA134B6-A7A0-4353-A97B-8BCEE8BF58D1}.Release|Win32.Build.0 = Release|Win32
	EndGlobalSection
	GlobalSection(SolutionProperties) = preSolution
		HideSolutionNode = FALSE
	EndGlobalSection
EndGlobal
